Microsoft Visual Studio Solution File, Format Version 9.00
# Visual Studio 2005
Project("{FAE04EC0-301F-11D3-BF4B-00C04F79EFBC}") = "ChrisEdwardsGroup.Website", "Website\ChrisEdwardsGroup.Website.csproj", "{871CBC78-9489-458A-A329-0892AA9E0375}"
EndProject
Project("{FAE04EC0-301F-11D3-BF4B-00C04F79EFBC}") = "ChrisEdwardsGroup.ListManage", "ListManage\ChrisEdwardsGroup.ListManage.csproj", "{CA9A84CC-7085-49B5-9BFD-52B9B0B5B12D}"
EndProject
Global
	GlobalSection(SolutionConfigurationPlatforms) = preSolution
		Debug|Any CPU = Debug|Any CPU
		Release|Any CPU = Release|Any CPU
	EndGlobalSection
	GlobalSection(ProjectConfigurationPlatforms) = postSolution
		{871CBC78-9489-458A-A329-0892AA9E0375}.Debug|Any CPU.ActiveCfg = Debug|Any CPU
		{871CBC78-9489-458A-A329-0892AA9E0375}.Debug|Any CPU.Build.0 = Debug|Any CPU
		{871CBC78-9489-458A-A329-0892AA9E0375}.Release|Any CPU.ActiveCfg = Release|Any CPU
		{871CBC78-9489-458A-A329-0892AA9E0375}.Release|Any CPU.Build.0 = Release|Any CPU
		{CA9A84CC-7085-49B5-9BFD-52B9B0B5B12D}.Debug|Any CPU.ActiveCfg = Debug|Any CPU
		{CA9A84CC-7085-49B5-9BFD-52B9B0B5B12D}.Debug|Any CPU.Build.0 = Debug|Any CPU
		{CA9A84CC-7085-49B5-9BFD-52B9B0B5B12D}.Release|Any CPU.ActiveCfg = Release|Any CPU
		{CA9A84CC-7085-49B5-9BFD-52B9B0B5B12D}.Release|Any CPU.Build.0 = Release|Any CPU
	EndGlobalSection
	GlobalSection(SolutionProperties) = preSolution
		HideSolutionNode = FALSE
	EndGlobalSection
EndGlobal
