Microsoft Visual Studio Solution File, Format Version 12.00
# Visual Studio 2012
Project("{FAE04EC0-301F-11D3-BF4B-00C04F79EFBC}") = "CopelandRealEstate", "CopelandRealEstate\CopelandRealEstate.csproj", "{BD13B485-0519-45B1-83C1-7298E87D031C}"
EndProject
Global
	GlobalSection(SolutionConfigurationPlatforms) = preSolution
		Debug|Any CPU = Debug|Any CPU
		Release|Any CPU = Release|Any CPU
	EndGlobalSection
	GlobalSection(ProjectConfigurationPlatforms) = postSolution
		{BD13B485-0519-45B1-83C1-7298E87D031C}.Debug|Any CPU.ActiveCfg = Debug|Any CPU
		{BD13B485-0519-45B1-83C1-7298E87D031C}.Debug|Any CPU.Build.0 = Debug|Any CPU
		{BD13B485-0519-45B1-83C1-7298E87D031C}.Release|Any CPU.ActiveCfg = Release|Any CPU
		{BD13B485-0519-45B1-83C1-7298E87D031C}.Release|Any CPU.Build.0 = Release|Any CPU
	EndGlobalSection
	GlobalSection(SolutionProperties) = preSolution
		HideSolutionNode = FALSE
	EndGlobalSection
EndGlobal
