Microsoft Visual Studio Solution File, Format Version 12.00
# Visual Studio 2012
Project("{FAE04EC0-301F-11D3-BF4B-00C04F79EFBC}") = "Website", "Website\Website.csproj", "{38BC7C40-69B1-4E92-91F8-4EC490AB1A60}"
EndProject
Global
	GlobalSection(SolutionConfigurationPlatforms) = preSolution
		Debug|Any CPU = Debug|Any CPU
		Release|Any CPU = Release|Any CPU
	EndGlobalSection
	GlobalSection(ProjectConfigurationPlatforms) = postSolution
		{38BC7C40-69B1-4E92-91F8-4EC490AB1A60}.Debug|Any CPU.ActiveCfg = Debug|Any CPU
		{38BC7C40-69B1-4E92-91F8-4EC490AB1A60}.Debug|Any CPU.Build.0 = Debug|Any CPU
		{38BC7C40-69B1-4E92-91F8-4EC490AB1A60}.Release|Any CPU.ActiveCfg = Release|Any CPU
		{38BC7C40-69B1-4E92-91F8-4EC490AB1A60}.Release|Any CPU.Build.0 = Release|Any CPU
	EndGlobalSection
	GlobalSection(SolutionProperties) = preSolution
		HideSolutionNode = FALSE
	EndGlobalSection
EndGlobal
